
Microsoft Visual Studio Solution File, Format Version 12.00
# Visual Studio Version 17
VisualStudioVersion = 17.9.34728.123
MinimumVisualStudioVersion = 10.0.40219.1
Project("{FAE04EC0-301F-11D3-BF4B-00C04F79EFBC}") = "Lab4", "Lab4.csproj", "{19DA1469-E7BF-4DCA-8D16-47FADDBE0BF1}"
EndProject
Global
	GlobalSection(SolutionConfigurationPlatforms) = preSolution
		Debug|Any CPU = Debug|Any CPU
		Release|Any CPU = Release|Any CPU
	EndGlobalSection
	GlobalSection(ProjectConfigurationPlatforms) = postSolution
		{19DA1469-E7BF-4DCA-8D16-47FADDBE0BF1}.Debug|Any CPU.ActiveCfg = Debug|Any CPU
		{19DA1469-E7BF-4DCA-8D16-47FADDBE0BF1}.Debug|Any CPU.Build.0 = Debug|Any CPU
		{19DA1469-E7BF-4DCA-8D16-47FADDBE0BF1}.Release|Any CPU.ActiveCfg = Release|Any CPU
		{19DA1469-E7BF-4DCA-8D16-47FADDBE0BF1}.Release|Any CPU.Build.0 = Release|Any CPU
	EndGlobalSection
	GlobalSection(SolutionProperties) = preSolution
		HideSolutionNode = FALSE
	EndGlobalSection
	GlobalSection(ExtensibilityGlobals) = postSolution
		SolutionGuid = {E58C4742-D085-4061-84A6-7F17F04BFF04}
	EndGlobalSection
EndGlobal
